
Microsoft Visual Studio Solution File, Format Version 12.00
# Visual Studio Version 17
VisualStudioVersion = 17.7.34031.279
MinimumVisualStudioVersion = 10.0.40219.1
Project("{8BC9CEB8-8B4A-11D0-8D11-00A0C91BC942}") = "Game", "Game\Game.vcxproj", "{86C7D12F-14EC-4EAA-A7E1-9BA6469E798F}"
EndProject
Global
	GlobalSection(SolutionConfigurationPlatforms) = preSolution
		Debug|x64 = Debug|x64
		Debug|x86 = Debug|x86
		Release|x64 = Release|x64
		Release|x86 = Release|x86
	EndGlobalSection
	GlobalSection(ProjectConfigurationPlatforms) = postSolution
		{86C7D12F-14EC-4EAA-A7E1-9BA6469E798F}.Debug|x64.ActiveCfg = Debug|x64
		{86C7D12F-14EC-4EAA-A7E1-9BA6469E798F}.Debug|x64.Build.0 = Debug|x64
		{86C7D12F-14EC-4EAA-A7E1-9BA6469E798F}.Debug|x86.ActiveCfg = Debug|Win32
		{86C7D12F-14EC-4EAA-A7E1-9BA6469E798F}.Debug|x86.Build.0 = Debug|Win32
		{86C7D12F-14EC-4EAA-A7E1-9BA6469E798F}.Release|x64.ActiveCfg = Release|x64
		{86C7D12F-14EC-4EAA-A7E1-9BA6469E798F}.Release|x64.Build.0 = Release|x64
		{86C7D12F-14EC-4EAA-A7E1-9BA6469E798F}.Release|x86.ActiveCfg = Release|Win32
		{86C7D12F-14EC-4EAA-A7E1-9BA6469E798F}.Release|x86.Build.0 = Release|Win32
	EndGlobalSection
	GlobalSection(SolutionProperties) = preSolution
		HideSolutionNode = FALSE
	EndGlobalSection
	GlobalSection(ExtensibilityGlobals) = postSolution
		SolutionGuid = {D67EEC62-271C-4869-8B66-7E332D15F655}
	EndGlobalSection
EndGlobal
